
Microsoft Visual Studio Solution File, Format Version 12.00
# Visual Studio Version 17
VisualStudioVersion = 17.0.31919.166
MinimumVisualStudioVersion = 10.0.40219.1
Project("{9A19103F-16F7-4668-BE54-9A1E7A4F7556}") = "WebProject01_API", "serv\WebProject01_API.csproj", "{9E26A773-2CEC-4FA2-9159-0EA13D584E52}"
EndProject
Global
	GlobalSection(SolutionConfigurationPlatforms) = preSolution
		Debug|Any CPU = Debug|Any CPU
		Release|Any CPU = Release|Any CPU
	EndGlobalSection
	GlobalSection(ProjectConfigurationPlatforms) = postSolution
		{9E26A773-2CEC-4FA2-9159-0EA13D584E52}.Debug|Any CPU.ActiveCfg = Debug|Any CPU
		{9E26A773-2CEC-4FA2-9159-0EA13D584E52}.Debug|Any CPU.Build.0 = Debug|Any CPU
		{9E26A773-2CEC-4FA2-9159-0EA13D584E52}.Release|Any CPU.ActiveCfg = Release|Any CPU
		{9E26A773-2CEC-4FA2-9159-0EA13D584E52}.Release|Any CPU.Build.0 = Release|Any CPU
	EndGlobalSection
	GlobalSection(SolutionProperties) = preSolution
		HideSolutionNode = FALSE
	EndGlobalSection
	GlobalSection(ExtensibilityGlobals) = postSolution
		SolutionGuid = {F04507CC-8FA1-426D-B6FC-B0B0BE8B82BE}
	EndGlobalSection
EndGlobal
